
Microsoft Visual Studio Solution File, Format Version 12.00
# Visual Studio 15
VisualStudioVersion = 15.0.26730.16
MinimumVisualStudioVersion = 10.0.40219.1
Project("{FAE04EC0-301F-11D3-BF4B-00C04F79EFBC}") = "Gooeth", "Gooeth\Gooeth.csproj", "{C34276B8-2D59-4F47-B01D-CF5169CF1EFF}"
EndProject
Global
	GlobalSection(SolutionConfigurationPlatforms) = preSolution
		Debug|Any CPU = Debug|Any CPU
		Release|Any CPU = Release|Any CPU
	EndGlobalSection
	GlobalSection(ProjectConfigurationPlatforms) = postSolution
		{C34276B8-2D59-4F47-B01D-CF5169CF1EFF}.Debug|Any CPU.ActiveCfg = Debug|Any CPU
		{C34276B8-2D59-4F47-B01D-CF5169CF1EFF}.Debug|Any CPU.Build.0 = Debug|Any CPU
		{C34276B8-2D59-4F47-B01D-CF5169CF1EFF}.Release|Any CPU.ActiveCfg = Release|Any CPU
		{C34276B8-2D59-4F47-B01D-CF5169CF1EFF}.Release|Any CPU.Build.0 = Release|Any CPU
	EndGlobalSection
	GlobalSection(SolutionProperties) = preSolution
		HideSolutionNode = FALSE
	EndGlobalSection
	GlobalSection(ExtensibilityGlobals) = postSolution
		SolutionGuid = {CDF746C5-4D48-40B0-8D31-EF0883F6BAB6}
	EndGlobalSection
EndGlobal
